
Microsoft Visual Studio Solution File, Format Version 12.00
# Visual Studio Version 17
VisualStudioVersion = 17.7.34031.279
MinimumVisualStudioVersion = 10.0.40219.1
Project("{FAE04EC0-301F-11D3-BF4B-00C04F79EFBC}") = "Class_animal", "Class_animal.csproj", "{B291E80B-D784-459D-B8C6-AD474EB90D83}"
EndProject
Global
	GlobalSection(SolutionConfigurationPlatforms) = preSolution
		Debug|Any CPU = Debug|Any CPU
		Release|Any CPU = Release|Any CPU
	EndGlobalSection
	GlobalSection(ProjectConfigurationPlatforms) = postSolution
		{B291E80B-D784-459D-B8C6-AD474EB90D83}.Debug|Any CPU.ActiveCfg = Debug|Any CPU
		{B291E80B-D784-459D-B8C6-AD474EB90D83}.Debug|Any CPU.Build.0 = Debug|Any CPU
		{B291E80B-D784-459D-B8C6-AD474EB90D83}.Release|Any CPU.ActiveCfg = Release|Any CPU
		{B291E80B-D784-459D-B8C6-AD474EB90D83}.Release|Any CPU.Build.0 = Release|Any CPU
	EndGlobalSection
	GlobalSection(SolutionProperties) = preSolution
		HideSolutionNode = FALSE
	EndGlobalSection
	GlobalSection(ExtensibilityGlobals) = postSolution
		SolutionGuid = {0478076C-045B-41B8-9C69-0F44F5AEDCE0}
	EndGlobalSection
EndGlobal
